# THIS IS AN AUTOGENERATED FILE. DO NOT EDIT THIS FILE DIRECTLY.
# yarn lockfile v1


"@algolia/cache-browser-local-storage@4.12.1":
  version "4.12.1"
  resolved "https://registry.yarnpkg.com/@algolia/cache-browser-local-storage/-/cache-browser-local-storage-4.12.1.tgz#23f4f219963b96918d0524acd09d4d646541d888"
  integrity sha512-ERFFOnC9740xAkuO0iZTQqm2AzU7Dpz/s+g7o48GlZgx5p9GgNcsuK5eS0GoW/tAK+fnKlizCtlFHNuIWuvfsg==
  dependencies:
    "@algolia/cache-common" "4.12.1"

"@algolia/cache-common@4.12.1":
  version "4.12.1"
  resolved "https://registry.yarnpkg.com/@algolia/cache-common/-/cache-common-4.12.1.tgz#d3f1676ca9c404adce0f78d68f6381bedb44cd9c"
  integrity sha512-UugTER3V40jT+e19Dmph5PKMeliYKxycNPwrPNADin0RcWNfT2QksK9Ff2N2W7UKraqMOzoeDb4LAJtxcK1a8Q==

"@algolia/cache-in-memory@4.12.1":
  version "4.12.1"
  resolved "https://registry.yarnpkg.com/@algolia/cache-in-memory/-/cache-in-memory-4.12.1.tgz#0ef6aac2f8feab5b46fc130beb682bbd21b55244"
  integrity sha512-U6iaunaxK1lHsAf02UWF58foKFEcrVLsHwN56UkCtwn32nlP9rz52WOcHsgk6TJrL8NDcO5swMjtOQ5XHESFLw==
  dependencies:
    "@algolia/cache-common" "4.12.1"

"@algolia/client-account@4.12.1":
  version "4.12.1"
  resolved "https://registry.yarnpkg.com/@algolia/client-account/-/client-account-4.12.1.tgz#e838c9283db2fab32a425dd13c77da321d48fd8b"
  integrity sha512-jGo4ConJNoMdTCR2zouO0jO/JcJmzOK6crFxMMLvdnB1JhmMbuIKluOTJVlBWeivnmcsqb7r0v7qTCPW5PAyxQ==
  dependencies:
    "@algolia/client-common" "4.12.1"
    "@algolia/client-search" "4.12.1"
    "@algolia/transporter" "4.12.1"

"@algolia/client-analytics@4.12.1":
  version "4.12.1"
  resolved "https://registry.yarnpkg.com/@algolia/client-analytics/-/client-analytics-4.12.1.tgz#2976d658655a1590cf84cfb596aa75a204f6dec4"
  integrity sha512-h1It7KXzIthlhuhfBk7LteYq72tym9maQDUsyRW0Gft8b6ZQahnRak9gcCvKwhcJ1vJoP7T7JrNYGiYSicTD9g==
  dependencies:
    "@algolia/client-common" "4.12.1"
    "@algolia/client-search" "4.12.1"
    "@algolia/requester-common" "4.12.1"
    "@algolia/transporter" "4.12.1"

"@algolia/client-common@4.12.1":
  version "4.12.1"
  resolved "https://registry.yarnpkg.com/@algolia/client-common/-/client-common-4.12.1.tgz#104ccefe96bda3ff926bc70c31ff6d17c41b6107"
  integrity sha512-obnJ8eSbv+h94Grk83DTGQ3bqhViSWureV6oK1s21/KMGWbb3DkduHm+lcwFrMFkjSUSzosLBHV9EQUIBvueTw==
  dependencies:
    "@algolia/requester-common" "4.12.1"
    "@algolia/transporter" "4.12.1"

"@algolia/client-personalization@4.12.1":
  version "4.12.1"
  resolved "https://registry.yarnpkg.com/@algolia/client-personalization/-/client-personalization-4.12.1.tgz#f63d1890f95de850e1c8e41c1d57adda521d9e7f"
  integrity sha512-sMSnjjPjRgByGHYygV+5L/E8a6RgU7l2GbpJukSzJ9GRY37tHmBHuvahv8JjdCGJ2p7QDYLnQy5bN5Z02qjc7Q==
  dependencies:
    "@algolia/client-common" "4.12.1"
    "@algolia/requester-common" "4.12.1"
    "@algolia/transporter" "4.12.1"

"@algolia/client-search@4.12.1":
  version "4.12.1"
  resolved "https://registry.yarnpkg.com/@algolia/client-search/-/client-search-4.12.1.tgz#fcd7a974be5d39d5c336d7f2e89577ffa66aefdd"
  integrity sha512-MwwKKprfY6X2nJ5Ki/ccXM2GDEePvVjZnnoOB2io3dLKW4fTqeSRlC5DRXeFD7UM0vOPPHr4ItV2aj19APKNVQ==
  dependencies:
    "@algolia/client-common" "4.12.1"
    "@algolia/requester-common" "4.12.1"
    "@algolia/transporter" "4.12.1"

"@algolia/events@^4.0.1":
  version "4.0.1"
  resolved "https://registry.yarnpkg.com/@algolia/events/-/events-4.0.1.tgz#fd39e7477e7bc703d7f893b556f676c032af3950"
  integrity sha512-FQzvOCgoFXAbf5Y6mYozw2aj5KCJoA3m4heImceldzPSMbdyS4atVjJzXKMsfX3wnZTFYwkkt8/z8UesLHlSBQ==

"@algolia/logger-common@4.12.1":
  version "4.12.1"
  resolved "https://registry.yarnpkg.com/@algolia/logger-common/-/logger-common-4.12.1.tgz#d6501b4d9d242956257ba8e10f6b4bbf6863baa4"
  integrity sha512-fCgrzlXGATNqdFTxwx0GsyPXK+Uqrx1SZ3iuY2VGPPqdt1a20clAG2n2OcLHJpvaa6vMFPlJyWvbqAgzxdxBlQ==

"@algolia/logger-console@4.12.1":
  version "4.12.1"
  resolved "https://registry.yarnpkg.com/@algolia/logger-console/-/logger-console-4.12.1.tgz#841edd39dd5c5530a69fc66084bfee3254dd0807"
  integrity sha512-0owaEnq/davngQMYqxLA4KrhWHiXujQ1CU3FFnyUcMyBR7rGHI48zSOUpqnsAXrMBdSH6rH5BDkSUUFwsh8RkQ==
  dependencies:
    "@algolia/logger-common" "4.12.1"

"@algolia/requester-browser-xhr@4.12.1":
  version "4.12.1"
  resolved "https://registry.yarnpkg.com/@algolia/requester-browser-xhr/-/requester-browser-xhr-4.12.1.tgz#2d0c18ee188d7cae0e4a930e5e89989e3c4a816b"
  integrity sha512-OaMxDyG0TZG0oqz1lQh9e3woantAG1bLnuwq3fmypsrQxra4IQZiyn1x+kEb69D2TcXApI5gOgrD4oWhtEVMtw==
  dependencies:
    "@algolia/requester-common" "4.12.1"

"@algolia/requester-common@4.12.1":
  version "4.12.1"
  resolved "https://registry.yarnpkg.com/@algolia/requester-common/-/requester-common-4.12.1.tgz#95bb6539da7199da3e205341cea8f27267f7af29"
  integrity sha512-XWIrWQNJ1vIrSuL/bUk3ZwNMNxl+aWz6dNboRW6+lGTcMIwc3NBFE90ogbZKhNrFRff8zI4qCF15tjW+Fyhpow==

"@algolia/requester-node-http@4.12.1":
  version "4.12.1"
  resolved "https://registry.yarnpkg.com/@algolia/requester-node-http/-/requester-node-http-4.12.1.tgz#c9df97ff1daa7e58c5c2b1f28cf7163005edccb0"
  integrity sha512-awBtwaD+s0hxkA1aehYn8F0t9wqGoBVWgY4JPHBmp1ChO3pK7RKnnvnv7QQa9vTlllX29oPt/BBVgMo1Z3n1Qg==
  dependencies:
    "@algolia/requester-common" "4.12.1"

"@algolia/transporter@4.12.1":
  version "4.12.1"
  resolved "https://registry.yarnpkg.com/@algolia/transporter/-/transporter-4.12.1.tgz#61b9829916c474f42e2d4a6eada0d6c138379945"
  integrity sha512-BGeNgdEHc6dXIk2g8kdlOoQ6fQ6OIaKQcplEj7HPoi+XZUeAvRi3Pff3QWd7YmybWkjzd9AnTzieTASDWhL+sQ==
  dependencies:
    "@algolia/cache-common" "4.12.1"
    "@algolia/logger-common" "4.12.1"
    "@algolia/requester-common" "4.12.1"

"@babel/runtime@^7.1.2":
  version "7.11.2"
  resolved "https://registry.yarnpkg.com/@babel/runtime/-/runtime-7.11.2.tgz#f549c13c754cc40b87644b9fa9f09a6a95fe0736"
  integrity sha512-TeWkU52so0mPtDcaCTxNBI/IHiz0pZgr8VEFqXFtZWpYD08ZB6FaSwVAS8MKRQAP3bYKiVjwysOJgMFY28o6Tw==
  dependencies:
    regenerator-runtime "^0.13.4"

"@next/env@12.0.10":
  version "12.0.10"
  resolved "https://registry.yarnpkg.com/@next/env/-/env-12.0.10.tgz#561640fd62279218ccd2798ae907bae8d94a7730"
  integrity sha512-mQVj0K6wQ5WEk/sL9SZ+mJXJUaG7el8CpZ6io1uFe9GgNTSC7EgUyNGqM6IQovIFc5ukF4O/hqsdh3S/DCgT2g==

"@next/swc-android-arm64@12.0.10":
  version "12.0.10"
  resolved "https://registry.yarnpkg.com/@next/swc-android-arm64/-/swc-android-arm64-12.0.10.tgz#fd9d716433cc9d361021b0052f8b002bcaff948d"
  integrity sha512-xYwXGkNhzZZsM5MD7KRwF5ZNiC8OLPtVMUiagpPnwENg8Hb0GSQo/NbYWXM8YrawEwp9LaZ7OXiuRKPh2JyBdA==

"@next/swc-darwin-arm64@12.0.10":
  version "12.0.10"
  resolved "https://registry.yarnpkg.com/@next/swc-darwin-arm64/-/swc-darwin-arm64-12.0.10.tgz#34b2d0dc62eb89efb9176af111e3820a11fdb3f0"
  integrity sha512-f2zngulkpIJKWHckhRi7X8GZ+J/tNgFF7lYIh7Qx15JH0OTBsjkqxORlkzy+VZyHJ5sWTCaI6HYYd3ow6qkEEg==

"@next/swc-darwin-x64@12.0.10":
  version "12.0.10"
  resolved "https://registry.yarnpkg.com/@next/swc-darwin-x64/-/swc-darwin-x64-12.0.10.tgz#a4306795159293c7d4d58a2c88ce1710ff0a8baa"
  integrity sha512-Qykcu/gVC5oTvOQoRBhyuS5GYm5SbcgrFTsaLFkGBmEkg9eMQRiaCswk4IafpDXVzITkVFurzSM28q3tLW2qUw==

"@next/swc-linux-arm-gnueabihf@12.0.10":
  version "12.0.10"
  resolved "https://registry.yarnpkg.com/@next/swc-linux-arm-gnueabihf/-/swc-linux-arm-gnueabihf-12.0.10.tgz#1ad15af3d5fca2fef57894d61e16f73aee61ec2e"
  integrity sha512-EhqrTFsIXAXN9B/fiiW/QKUK/lSLCXRsLalkUp58KDfMqVLLlj1ORbESAcswiNQOChLuHQSldGEEtOBPQZcd9A==

"@next/swc-linux-arm64-gnu@12.0.10":
  version "12.0.10"
  resolved "https://registry.yarnpkg.com/@next/swc-linux-arm64-gnu/-/swc-linux-arm64-gnu-12.0.10.tgz#a84a92d0e1a179c4346c9ed8f22e26f708101ad6"
  integrity sha512-kqGtC72g3+JYXZbY2ca6digXR5U6AQ6Dzv4eAxYluMePLHjI/Xye1mf9dwVsgmeXfrD/IRDp5K/3A6UNvBm4oQ==

"@next/swc-linux-arm64-musl@12.0.10":
  version "12.0.10"
  resolved "https://registry.yarnpkg.com/@next/swc-linux-arm64-musl/-/swc-linux-arm64-musl-12.0.10.tgz#973ec96c77f845bd0a6eecbf1892caa1ee4defaf"
  integrity sha512-bG9zTSNwnSgc1Un/7oz1ZVN4UeXsTWrsQhAGWU78lLLCn4Zj9HQoUCRCGLt0OVs2DBZ+WC8CzzFliQ1SKipVbg==

"@next/swc-linux-x64-gnu@12.0.10":
  version "12.0.10"
  resolved "https://registry.yarnpkg.com/@next/swc-linux-x64-gnu/-/swc-linux-x64-gnu-12.0.10.tgz#efcc7f8252ea8225834760eaf09350f1bead73f7"
  integrity sha512-c79PcfWtyThiYRa1+3KVfDq0zXaI8o1d6dQWNVqDrtLz5HKM/rbjLdvoNuxDwUeZhxI/d9CtyH6GbuKPw5l/5A==

"@next/swc-linux-x64-musl@12.0.10":
  version "12.0.10"
  resolved "https://registry.yarnpkg.com/@next/swc-linux-x64-musl/-/swc-linux-x64-musl-12.0.10.tgz#c2a73d939dfd310acc1892a0a132762500dd5757"
  integrity sha512-g/scgn+21/MLfizOCZOZt+MxNj2/8Tdlwjvy+QZcSUPZRUI2Y5o3HwBvI1f/bSci+NGRU+bUAO0NFtRJ9MzH5w==

"@next/swc-win32-arm64-msvc@12.0.10":
  version "12.0.10"
  resolved "https://registry.yarnpkg.com/@next/swc-win32-arm64-msvc/-/swc-win32-arm64-msvc-12.0.10.tgz#2316af5f612cde1691abdf2571ff40ec32ea3429"
  integrity sha512-gl6B/ravwMeY5Nv4Il2/ARYJQ6u+KPRwGMjS1ZrNudIKlNn4YBeXh5A4cIVm+dHaff6/O/lGOa5/SUYDMZpkww==

"@next/swc-win32-ia32-msvc@12.0.10":
  version "12.0.10"
  resolved "https://registry.yarnpkg.com/@next/swc-win32-ia32-msvc/-/swc-win32-ia32-msvc-12.0.10.tgz#98a4f74d164871cfaccb0df6efddf2b7bcbaa54b"
  integrity sha512-7RVpZ3tSThC6j+iZB0CUYmFiA3kXmN+pE7QcfyAxFaflKlaZoWNMKHIEZDuxSJc6YmQ6kyxsjqxVay2F5+/YCg==

"@next/swc-win32-x64-msvc@12.0.10":
  version "12.0.10"
  resolved "https://registry.yarnpkg.com/@next/swc-win32-x64-msvc/-/swc-win32-x64-msvc-12.0.10.tgz#5c0ba98b695c4be44d8793aff42971a0dac65c2d"
  integrity sha512-oUIWRKd24jFLRWUYO1CZmML5+32BcpVfqhimGaaZIXcOkfQW+iqiAzdqsv688zaGtyKGeB9ZtiK3NDf+Q0v+Vw==

algoliasearch-helper@^3.7.0:
  version "3.7.0"
  resolved "https://registry.yarnpkg.com/algoliasearch-helper/-/algoliasearch-helper-3.7.0.tgz#c0a0493df84d850360f664ad7a9d4fc78a94fd78"
  integrity sha512-XJ3QfERBLfeVCyTVx80gon7r3/rgm/CE8Ha1H7cbablRe/X7SfYQ14g/eO+MhjVKIQp+gy9oC6G5ilmLwS1k6w==
  dependencies:
    "@algolia/events" "^4.0.1"

algoliasearch@4.12.1:
  version "4.12.1"
  resolved "https://registry.yarnpkg.com/algoliasearch/-/algoliasearch-4.12.1.tgz#574a2c5424c4b6681c026928fb810be2d2ec3924"
  integrity sha512-c0dM1g3zZBJrkzE5GA/Nu1y3fFxx3LCzxKzcmp2dgGS8P4CjszB/l3lsSh2MSrrK1Hn/KV4BlbBMXtYgG1Bfrw==
  dependencies:
    "@algolia/cache-browser-local-storage" "4.12.1"
    "@algolia/cache-common" "4.12.1"
    "@algolia/cache-in-memory" "4.12.1"
    "@algolia/client-account" "4.12.1"
    "@algolia/client-analytics" "4.12.1"
    "@algolia/client-common" "4.12.1"
    "@algolia/client-personalization" "4.12.1"
    "@algolia/client-search" "4.12.1"
    "@algolia/logger-common" "4.12.1"
    "@algolia/logger-console" "4.12.1"
    "@algolia/requester-browser-xhr" "4.12.1"
    "@algolia/requester-common" "4.12.1"
    "@algolia/requester-node-http" "4.12.1"
    "@algolia/transporter" "4.12.1"

caniuse-lite@^1.0.30001283:
  version "1.0.30001311"
  resolved "https://registry.yarnpkg.com/caniuse-lite/-/caniuse-lite-1.0.30001311.tgz#682ef3f4e617f1a177ad943de59775ed3032e511"
  integrity sha512-mleTFtFKfykEeW34EyfhGIFjGCqzhh38Y0LhdQ9aWF+HorZTtdgKV/1hEE0NlFkG2ubvisPV6l400tlbPys98A==

classnames@^2.2.5:
  version "2.2.6"
  resolved "https://registry.yarnpkg.com/classnames/-/classnames-2.2.6.tgz#43935bffdd291f326dad0a205309b38d00f650ce"
  integrity sha512-JR/iSQOSt+LQIWwrwEzJ9uk0xfN3mTVYMwt1Ir5mUcSN6pU+V4zQFFaJsclJbPuAUQH+yfWef6tm7l1quW3C8Q==

"js-tokens@^3.0.0 || ^4.0.0":
  version "4.0.0"
  resolved "https://registry.yarnpkg.com/js-tokens/-/js-tokens-4.0.0.tgz#19203fb59991df98e3a287050d4647cdeaf32499"
  integrity sha512-RdJUflcE3cUzKiMqQgsCu06FPu9UdIJO0beYbPhHN4k6apgJtifcoCtT9bcxOpYBtpD2kCM6Sbzg4CausW/PKQ==

loose-envify@^1.1.0, loose-envify@^1.4.0:
  version "1.4.0"
  resolved "https://registry.yarnpkg.com/loose-envify/-/loose-envify-1.4.0.tgz#71ee51fa7be4caec1a63839f7e682d8132d30caf"
  integrity sha512-lyuxPGr/Wfhrlem2CL/UcnUc1zcqKAImBDzukY7Y5F/yQiNdko6+fRLevlw1HgMySw7f611UIY408EtxRSoK3Q==
  dependencies:
    js-tokens "^3.0.0 || ^4.0.0"

nanoid@^3.1.30:
  version "3.2.0"
  resolved "https://registry.yarnpkg.com/nanoid/-/nanoid-3.2.0.tgz#62667522da6673971cca916a6d3eff3f415ff80c"
  integrity sha512-fmsZYa9lpn69Ad5eDn7FMcnnSR+8R34W9qJEijxYhTbfOWzr22n1QxCMzXLK+ODyW2973V3Fux959iQoUxzUIA==

next@12.0.10:
  version "12.0.10"
  resolved "https://registry.yarnpkg.com/next/-/next-12.0.10.tgz#fcc4584177418bd777ce157f3165b7ba5e7708f7"
  integrity sha512-1y3PpGzpb/EZzz1jgne+JfZXKAVJUjYXwxzrADf/LWN+8yi9o79vMLXpW3mevvCHkEF2sBnIdjzNn16TJrINUw==
  dependencies:
    "@next/env" "12.0.10"
    caniuse-lite "^1.0.30001283"
    postcss "8.4.5"
    styled-jsx "5.0.0"
    use-subscription "1.5.1"
  optionalDependencies:
    "@next/swc-android-arm64" "12.0.10"
    "@next/swc-darwin-arm64" "12.0.10"
    "@next/swc-darwin-x64" "12.0.10"
    "@next/swc-linux-arm-gnueabihf" "12.0.10"
    "@next/swc-linux-arm64-gnu" "12.0.10"
    "@next/swc-linux-arm64-musl" "12.0.10"
    "@next/swc-linux-x64-gnu" "12.0.10"
    "@next/swc-linux-x64-musl" "12.0.10"
    "@next/swc-win32-arm64-msvc" "12.0.10"
    "@next/swc-win32-ia32-msvc" "12.0.10"
    "@next/swc-win32-x64-msvc" "12.0.10"

object-assign@^4.1.1:
  version "4.1.1"
  resolved "https://registry.yarnpkg.com/object-assign/-/object-assign-4.1.1.tgz#2109adc7965887cfc05cbbd442cac8bfbb360863"
  integrity sha1-IQmtx5ZYh8/AXLvUQsrIv7s2CGM=

picocolors@^1.0.0:
  version "1.0.0"
  resolved "https://registry.yarnpkg.com/picocolors/-/picocolors-1.0.0.tgz#cb5bdc74ff3f51892236eaf79d68bc44564ab81c"
  integrity sha512-1fygroTLlHu66zi26VoTDv8yRgm0Fccecssto+MhsZ0D/DGW2sm8E8AjW7NU5VVTRt5GxbeZ5qBuJr+HyLYkjQ==

postcss@8.4.5:
  version "8.4.5"
  resolved "https://registry.yarnpkg.com/postcss/-/postcss-8.4.5.tgz#bae665764dfd4c6fcc24dc0fdf7e7aa00cc77f95"
  integrity sha512-jBDboWM8qpaqwkMwItqTQTiFikhs/67OYVvblFFTM7MrZjt6yMKd6r2kgXizEbTTljacm4NldIlZnhbjr84QYg==
  dependencies:
    nanoid "^3.1.30"
    picocolors "^1.0.0"
    source-map-js "^1.0.1"

prop-types@^15.6.2:
  version "15.7.2"
  resolved "https://registry.yarnpkg.com/prop-types/-/prop-types-15.7.2.tgz#52c41e75b8c87e72b9d9360e0206b99dcbffa6c5"
  integrity sha512-8QQikdH7//R2vurIJSutZ1smHYTcLpRWEOlHnzcWHmBYrOGUysKwSsrC89BCiFj3CbrfJ/nXFdJepOVrY1GCHQ==
  dependencies:
    loose-envify "^1.4.0"
    object-assign "^4.1.1"
    react-is "^16.8.1"

react-dom@17.0.2:
  version "17.0.2"
  resolved "https://registry.yarnpkg.com/react-dom/-/react-dom-17.0.2.tgz#ecffb6845e3ad8dbfcdc498f0d0a939736502c23"
  integrity sha512-s4h96KtLDUQlsENhMn1ar8t2bEa+q/YAtj8pPPdIjPDGBDIVNsrD9aXNWqspUe6AzKCIG0C1HZZLqLV7qpOBGA==
  dependencies:
    loose-envify "^1.1.0"
    object-assign "^4.1.1"
    scheduler "^0.20.2"

react-fast-compare@^3.0.0:
  version "3.2.0"
  resolved "https://registry.yarnpkg.com/react-fast-compare/-/react-fast-compare-3.2.0.tgz#641a9da81b6a6320f270e89724fb45a0b39e43bb"
  integrity sha512-rtGImPZ0YyLrscKI9xTpV8psd6I8VAtjKCzQDlzyDvqJA8XOW78TXYQwNRNd8g8JZnDu8q9Fu/1v4HPAVwVdHA==

react-instantsearch-core@6.22.0:
  version "6.22.0"
  resolved "https://registry.yarnpkg.com/react-instantsearch-core/-/react-instantsearch-core-6.22.0.tgz#94e1d56c6c8d5c767e285ad50fd6f7dbfbab7f0b"
  integrity sha512-K4GpydrStAGmUFYaV86eU65cvy0ZM97jKtNCF63sznhgYS1mJ3IaKO8HJV56/NP8dPKbr+HbdoD2GOnD1OaLlQ==
  dependencies:
    "@babel/runtime" "^7.1.2"
    algoliasearch-helper "^3.7.0"
    prop-types "^15.6.2"
    react-fast-compare "^3.0.0"

react-instantsearch-dom@6.22.0:
  version "6.22.0"
  resolved "https://registry.yarnpkg.com/react-instantsearch-dom/-/react-instantsearch-dom-6.22.0.tgz#2687e1be5dad5781ac6d89b6dadc9997d4550ffb"
  integrity sha512-geXYTQqGsLggbf7MMuSPgXjuZ3yWtWjjPRWEbXmAHZ4oodbdYiKIuieTDoadYM+m+Y90WXpwn+hMi0EDTffeRA==
  dependencies:
    "@babel/runtime" "^7.1.2"
    algoliasearch-helper "^3.7.0"
    classnames "^2.2.5"
    prop-types "^15.6.2"
    react-fast-compare "^3.0.0"
    react-instantsearch-core "6.22.0"

react-is@^16.8.1:
  version "16.13.1"
  resolved "https://registry.yarnpkg.com/react-is/-/react-is-16.13.1.tgz#789729a4dc36de2999dc156dd6c1d9c18cea56a4"
  integrity sha512-24e6ynE2H+OKt4kqsOvNd8kBpV65zoxbA4BVsEOB3ARVWQki/DHzaUoC5KuON/BiccDaCCTZBuOcfZs70kR8bQ==

react@17.0.2:
  version "17.0.2"
  resolved "https://registry.yarnpkg.com/react/-/react-17.0.2.tgz#d0b5cc516d29eb3eee383f75b62864cfb6800037"
  integrity sha512-gnhPt75i/dq/z3/6q/0asP78D0u592D5L1pd7M8P+dck6Fu/jJeL6iVVK23fptSUZj8Vjf++7wXA8UNclGQcbA==
  dependencies:
    loose-envify "^1.1.0"
    object-assign "^4.1.1"

regenerator-runtime@^0.13.4:
  version "0.13.7"
  resolved "https://registry.yarnpkg.com/regenerator-runtime/-/regenerator-runtime-0.13.7.tgz#cac2dacc8a1ea675feaabaeb8ae833898ae46f55"
  integrity sha512-a54FxoJDIr27pgf7IgeQGxmqUNYrcV338lf/6gH456HZ/PhX+5BcwHXG9ajESmwe6WRO0tAzRUrRmNONWgkrew==

scheduler@^0.20.2:
  version "0.20.2"
  resolved "https://registry.yarnpkg.com/scheduler/-/scheduler-0.20.2.tgz#4baee39436e34aa93b4874bddcbf0fe8b8b50e91"
  integrity sha512-2eWfGgAqqWFGqtdMmcL5zCMK1U8KlXv8SQFGglL3CEtd0aDVDWgeF/YoCmvln55m5zSk3J/20hTaSBeSObsQDQ==
  dependencies:
    loose-envify "^1.1.0"
    object-assign "^4.1.1"

source-map-js@^1.0.1:
  version "1.0.2"
  resolved "https://registry.yarnpkg.com/source-map-js/-/source-map-js-1.0.2.tgz#adbc361d9c62df380125e7f161f71c826f1e490c"
  integrity sha512-R0XvVJ9WusLiqTCEiGCmICCMplcCkIwwR11mOSD9CR5u+IXYdiseeEuXCVAjS54zqwkLcPNnmU4OeJ6tUrWhDw==

styled-jsx@5.0.0:
  version "5.0.0"
  resolved "https://registry.yarnpkg.com/styled-jsx/-/styled-jsx-5.0.0.tgz#816b4b92e07b1786c6b7111821750e0ba4d26e77"
  integrity sha512-qUqsWoBquEdERe10EW8vLp3jT25s/ssG1/qX5gZ4wu15OZpmSMFI2v+fWlRhLfykA5rFtlJ1ME8A8pm/peV4WA==

use-subscription@1.5.1:
  version "1.5.1"
  resolved "https://registry.yarnpkg.com/use-subscription/-/use-subscription-1.5.1.tgz#73501107f02fad84c6dd57965beb0b75c68c42d1"
  integrity sha512-Xv2a1P/yReAjAbhylMfFplFKj9GssgTwN7RlcTxBujFQcloStWNDQdc4g4NRWH9xS4i/FDk04vQBptAXoF3VcA==
  dependencies:
    object-assign "^4.1.1"
